
Microsoft Visual Studio Solution File, Format Version 12.00
# Visual Studio Version 17
VisualStudioVersion = 17.1.32228.430
MinimumVisualStudioVersion = 10.0.40219.1
Project("{FAE04EC0-301F-11D3-BF4B-00C04F79EFBC}") = "StringExample", "StringExample\StringExample.csproj", "{8A0607ED-A49A-467F-8A18-A18086558215}"
EndProject
Global
	GlobalSection(SolutionConfigurationPlatforms) = preSolution
		Debug|Any CPU = Debug|Any CPU
		Release|Any CPU = Release|Any CPU
	EndGlobalSection
	GlobalSection(ProjectConfigurationPlatforms) = postSolution
		{8A0607ED-A49A-467F-8A18-A18086558215}.Debug|Any CPU.ActiveCfg = Debug|Any CPU
		{8A0607ED-A49A-467F-8A18-A18086558215}.Debug|Any CPU.Build.0 = Debug|Any CPU
		{8A0607ED-A49A-467F-8A18-A18086558215}.Release|Any CPU.ActiveCfg = Release|Any CPU
		{8A0607ED-A49A-467F-8A18-A18086558215}.Release|Any CPU.Build.0 = Release|Any CPU
	EndGlobalSection
	GlobalSection(SolutionProperties) = preSolution
		HideSolutionNode = FALSE
	EndGlobalSection
	GlobalSection(ExtensibilityGlobals) = postSolution
		SolutionGuid = {1764C4FA-F47A-4324-AE11-293BDFE33E86}
	EndGlobalSection
EndGlobal
